
Microsoft Visual Studio Solution File, Format Version 12.00
# Visual Studio Version 16
VisualStudioVersion = 16.0.31624.102
MinimumVisualStudioVersion = 10.0.40219.1
Project("{FAE04EC0-301F-11D3-BF4B-00C04F79EFBC}") = "ConsoleApp1", "ConsoleApp1.csproj", "{A0CDA2E2-D3D7-437D-B21F-B148FA24E61B}"
EndProject
Global
	GlobalSection(SolutionConfigurationPlatforms) = preSolution
		Debug|Any CPU = Debug|Any CPU
		Release|Any CPU = Release|Any CPU
	EndGlobalSection
	GlobalSection(ProjectConfigurationPlatforms) = postSolution
		{A0CDA2E2-D3D7-437D-B21F-B148FA24E61B}.Debug|Any CPU.ActiveCfg = Debug|Any CPU
		{A0CDA2E2-D3D7-437D-B21F-B148FA24E61B}.Debug|Any CPU.Build.0 = Debug|Any CPU
		{A0CDA2E2-D3D7-437D-B21F-B148FA24E61B}.Release|Any CPU.ActiveCfg = Release|Any CPU
		{A0CDA2E2-D3D7-437D-B21F-B148FA24E61B}.Release|Any CPU.Build.0 = Release|Any CPU
	EndGlobalSection
	GlobalSection(SolutionProperties) = preSolution
		HideSolutionNode = FALSE
	EndGlobalSection
	GlobalSection(ExtensibilityGlobals) = postSolution
		SolutionGuid = {FEE3B06E-E58A-4DCC-AC67-0305F74AA0C0}
	EndGlobalSection
EndGlobal
